
Microsoft Visual Studio Solution File, Format Version 12.00
Project("{FAE04EC0-301F-11D3-BF4B-00C04F79EFBC}") = "AspWebApplication", "AspWebApplication\AspWebApplication.csproj", "{5D02B2C7-6919-4205-AA76-DD32C90A2156}"
EndProject
Project("{FAE04EC0-301F-11D3-BF4B-00C04F79EFBC}") = "AspCoreWebApplication", "AspCoreWebApplication\AspCoreWebApplication.csproj", "{D6620E82-741A-4FCF-AE79-FF466183EFB0}"
EndProject
Project("{FAE04EC0-301F-11D3-BF4B-00C04F79EFBC}") = "AspCoreDefaultWebApp", "AspCoreDefaultWebApp\AspCoreDefaultWebApp.csproj", "{7F6FFA44-92AE-4718-98D1-266A69C19273}"
EndProject
Project("{FAE04EC0-301F-11D3-BF4B-00C04F79EFBC}") = "AspCoreMVCApp", "AspCoreMVCApp\AspCoreMVCApp.csproj", "{21129A27-CBED-472B-A614-F86030C578B4}"
EndProject
Global
	GlobalSection(SolutionConfigurationPlatforms) = preSolution
		Debug|Any CPU = Debug|Any CPU
		Release|Any CPU = Release|Any CPU
	EndGlobalSection
	GlobalSection(ProjectConfigurationPlatforms) = postSolution
		{5D02B2C7-6919-4205-AA76-DD32C90A2156}.Debug|Any CPU.ActiveCfg = Debug|Any CPU
		{5D02B2C7-6919-4205-AA76-DD32C90A2156}.Debug|Any CPU.Build.0 = Debug|Any CPU
		{5D02B2C7-6919-4205-AA76-DD32C90A2156}.Release|Any CPU.ActiveCfg = Release|Any CPU
		{5D02B2C7-6919-4205-AA76-DD32C90A2156}.Release|Any CPU.Build.0 = Release|Any CPU
		{D6620E82-741A-4FCF-AE79-FF466183EFB0}.Debug|Any CPU.ActiveCfg = Debug|Any CPU
		{D6620E82-741A-4FCF-AE79-FF466183EFB0}.Debug|Any CPU.Build.0 = Debug|Any CPU
		{D6620E82-741A-4FCF-AE79-FF466183EFB0}.Release|Any CPU.ActiveCfg = Release|Any CPU
		{D6620E82-741A-4FCF-AE79-FF466183EFB0}.Release|Any CPU.Build.0 = Release|Any CPU
		{7F6FFA44-92AE-4718-98D1-266A69C19273}.Debug|Any CPU.ActiveCfg = Debug|Any CPU
		{7F6FFA44-92AE-4718-98D1-266A69C19273}.Debug|Any CPU.Build.0 = Debug|Any CPU
		{7F6FFA44-92AE-4718-98D1-266A69C19273}.Release|Any CPU.ActiveCfg = Release|Any CPU
		{7F6FFA44-92AE-4718-98D1-266A69C19273}.Release|Any CPU.Build.0 = Release|Any CPU
		{21129A27-CBED-472B-A614-F86030C578B4}.Debug|Any CPU.ActiveCfg = Debug|Any CPU
		{21129A27-CBED-472B-A614-F86030C578B4}.Debug|Any CPU.Build.0 = Debug|Any CPU
		{21129A27-CBED-472B-A614-F86030C578B4}.Release|Any CPU.ActiveCfg = Release|Any CPU
		{21129A27-CBED-472B-A614-F86030C578B4}.Release|Any CPU.Build.0 = Release|Any CPU
	EndGlobalSection
EndGlobal
